// !$*UTF8*$!
{
	archiveVersion = 1;
	classes = {
	};
	objectVersion = 56;
	objects = {

/* Begin PBXBuildFile section */
		9578F9F92B00E64700AED115 /* UnsplashController.swift in Sources */ = {isa = PBXBuildFile; fileRef = 9578F9F82B00E64700AED115 /* UnsplashController.swift */; };
		95C325D52B0134E20096B97B /* ImageCard.swift in Sources */ = {isa = PBXBuildFile; fileRef = 95C325D42B0134E20096B97B /* ImageCard.swift */; };
		95CD344A2B0095A900DB1578 /* Unsplash_AppApp.swift in Sources */ = {isa = PBXBuildFile; fileRef = 95CD34492B0095A900DB1578 /* Unsplash_AppApp.swift */; };
		95CD344E2B0095AC00DB1578 /* Assets.xcassets in Resources */ = {isa = PBXBuildFile; fileRef = 95CD344D2B0095AC00DB1578 /* Assets.xcassets */; };
		95CD34512B0095AC00DB1578 /* Preview Assets.xcassets in Resources */ = {isa = PBXBuildFile; fileRef = 95CD34502B0095AC00DB1578 /* Preview Assets.xcassets */; };
		95CD345B2B0095AC00DB1578 /* Unsplash_AppTests.swift in Sources */ = {isa = PBXBuildFile; fileRef = 95CD345A2B0095AC00DB1578 /* Unsplash_AppTests.swift */; };
		95CD34652B0095AD00DB1578 /* Unsplash_AppUITests.swift in Sources */ = {isa = PBXBuildFile; fileRef = 95CD34642B0095AD00DB1578 /* Unsplash_AppUITests.swift */; };
		95CD34672B0095AD00DB1578 /* Unsplash_AppUITestsLaunchTests.swift in Sources */ = {isa = PBXBuildFile; fileRef = 95CD34662B0095AD00DB1578 /* Unsplash_AppUITestsLaunchTests.swift */; };
		95CD34762B00960700DB1578 /* GetStarted.swift in Sources */ = {isa = PBXBuildFile; fileRef = 95CD34752B00960700DB1578 /* GetStarted.swift */; };
		95CD347A2B0098CD00DB1578 /* ButtonPrimary.swift in Sources */ = {isa = PBXBuildFile; fileRef = 95CD34792B0098CD00DB1578 /* ButtonPrimary.swift */; };
		95CD347C2B00A54300DB1578 /* Search.swift in Sources */ = {isa = PBXBuildFile; fileRef = 95CD347B2B00A54300DB1578 /* Search.swift */; };
		95CD347E2B00AAA400DB1578 /* InputBoxWithButton.swift in Sources */ = {isa = PBXBuildFile; fileRef = 95CD347D2B00AAA400DB1578 /* InputBoxWithButton.swift */; };
/* End PBXBuildFile section */

/* Begin PBXContainerItemProxy section */
		95CD34572B0095AC00DB1578 /* PBXContainerItemProxy */ = {
			isa = PBXContainerItemProxy;
			containerPortal = 95CD343E2B0095A900DB1578 /* Project object */;
			proxyType = 1;
			remoteGlobalIDString = 95CD34452B0095A900DB1578;
			remoteInfo = "Unsplash App";
		};
		95CD34612B0095AD00DB1578 /* PBXContainerItemProxy */ = {
			isa = PBXContainerItemProxy;
			containerPortal = 95CD343E2B0095A900DB1578 /* Project object */;
			proxyType = 1;
			remoteGlobalIDString = 95CD34452B0095A900DB1578;
			remoteInfo = "Unsplash App";
		};
/* End PBXContainerItemProxy section */

/* Begin PBXFileReference section */
		9578F9F82B00E64700AED115 /* UnsplashController.swift */ = {isa = PBXFileReference; lastKnownFileType = sourcecode.swift; path = UnsplashController.swift; sourceTree = "<group>"; };
		95C325D42B0134E20096B97B /* ImageCard.swift */ = {isa = PBXFileReference; lastKnownFileType = sourcecode.swift; path = ImageCard.swift; sourceTree = "<group>"; };
		95CD34462B0095A900DB1578 /* Unsplash App.app */ = {isa = PBXFileReference; explicitFileType = wrapper.application; includeInIndex = 0; path = "Unsplash App.app"; sourceTree = BUILT_PRODUCTS_DIR; };
		95CD34492B0095A900DB1578 /* Unsplash_AppApp.swift */ = {isa = PBXFileReference; lastKnownFileType = sourcecode.swift; path = Unsplash_AppApp.swift; sourceTree = "<group>"; };
		95CD344D2B0095AC00DB1578 /* Assets.xcassets */ = {isa = PBXFileReference; lastKnownFileType = folder.assetcatalog; path = Assets.xcassets; sourceTree = "<group>"; };
		95CD34502B0095AC00DB1578 /* Preview Assets.xcassets */ = {isa = PBXFileReference; lastKnownFileType = folder.assetcatalog; path = "Preview Assets.xcassets"; sourceTree = "<group>"; };
		95CD34562B0095AC00DB1578 /* Unsplash AppTests.xctest */ = {isa = PBXFileReference; explicitFileType = wrapper.cfbundle; includeInIndex = 0; path = "Unsplash AppTests.xctest"; sourceTree = BUILT_PRODUCTS_DIR; };
		95CD345A2B0095AC00DB1578 /* Unsplash_AppTests.swift */ = {isa = PBXFileReference; lastKnownFileType = sourcecode.swift; path = Unsplash_AppTests.swift; sourceTree = "<group>"; };
		95CD34602B0095AD00DB1578 /* Unsplash AppUITests.xctest */ = {isa = PBXFileReference; explicitFileType = wrapper.cfbundle; includeInIndex = 0; path = "Unsplash AppUITests.xctest"; sourceTree = BUILT_PRODUCTS_DIR; };
		95CD34642B0095AD00DB1578 /* Unsplash_AppUITests.swift */ = {isa = PBXFileReference; lastKnownFileType = sourcecode.swift; path = Unsplash_AppUITests.swift; sourceTree = "<group>"; };
		95CD34662B0095AD00DB1578 /* Unsplash_AppUITestsLaunchTests.swift */ = {isa = PBXFileReference; lastKnownFileType = sourcecode.swift; path = Unsplash_AppUITestsLaunchTests.swift; sourceTree = "<group>"; };
		95CD34752B00960700DB1578 /* GetStarted.swift */ = {isa = PBXFileReference; lastKnownFileType = sourcecode.swift; path = GetStarted.swift; sourceTree = "<group>"; };
		95CD34792B0098CD00DB1578 /* ButtonPrimary.swift */ = {isa = PBXFileReference; lastKnownFileType = sourcecode.swift; path = ButtonPrimary.swift; sourceTree = "<group>"; };
		95CD347B2B00A54300DB1578 /* Search.swift */ = {isa = PBXFileReference; lastKnownFileType = sourcecode.swift; path = Search.swift; sourceTree = "<group>"; };
		95CD347D2B00AAA400DB1578 /* InputBoxWithButton.swift */ = {isa = PBXFileReference; lastKnownFileType = sourcecode.swift; path = InputBoxWithButton.swift; sourceTree = "<group>"; };
/* End PBXFileReference section */

/* Begin PBXFrameworksBuildPhase section */
		95CD34432B0095A900DB1578 /* Frameworks */ = {
			isa = PBXFrameworksBuildPhase;
			buildActionMask = 2147483647;
			files = (
			);
			runOnlyForDeploymentPostprocessing = 0;
		};
		95CD34532B0095AC00DB1578 /* Frameworks */ = {
			isa = PBXFrameworksBuildPhase;
			buildActionMask = 2147483647;
			files = (
			);
			runOnlyForDeploymentPostprocessing = 0;
		};
		95CD345D2B0095AD00DB1578 /* Frameworks */ = {
			isa = PBXFrameworksBuildPhase;
			buildActionMask = 2147483647;
			files = (
			);
			runOnlyForDeploymentPostprocessing = 0;
		};
/* End PBXFrameworksBuildPhase section */

/* Begin PBXGroup section */
		9578F9F72B00E62600AED115 /* Controllers */ = {
			isa = PBXGroup;
			children = (
				9578F9F82B00E64700AED115 /* UnsplashController.swift */,
			);
			path = Controllers;
			sourceTree = "<group>";
		};
		95CD343D2B0095A900DB1578 = {
			isa = PBXGroup;
			children = (
				95CD34482B0095A900DB1578 /* Unsplash App */,
				95CD34592B0095AC00DB1578 /* Unsplash AppTests */,
				95CD34632B0095AD00DB1578 /* Unsplash AppUITests */,
				95CD34472B0095A900DB1578 /* Products */,
			);
			sourceTree = "<group>";
		};
		95CD34472B0095A900DB1578 /* Products */ = {
			isa = PBXGroup;
			children = (
				95CD34462B0095A900DB1578 /* Unsplash App.app */,
				95CD34562B0095AC00DB1578 /* Unsplash AppTests.xctest */,
				95CD34602B0095AD00DB1578 /* Unsplash AppUITests.xctest */,
			);
			name = Products;
			sourceTree = "<group>";
		};
		95CD34482B0095A900DB1578 /* Unsplash App */ = {
			isa = PBXGroup;
			children = (
				9578F9F72B00E62600AED115 /* Controllers */,
				95CD34742B0095D400DB1578 /* Components */,
				95CD34732B0095C900DB1578 /* Views */,
				95CD34492B0095A900DB1578 /* Unsplash_AppApp.swift */,
				95CD344D2B0095AC00DB1578 /* Assets.xcassets */,
				95CD344F2B0095AC00DB1578 /* Preview Content */,
			);
			path = "Unsplash App";
			sourceTree = "<group>";
		};
		95CD344F2B0095AC00DB1578 /* Preview Content */ = {
			isa = PBXGroup;
			children = (
				95CD34502B0095AC00DB1578 /* Preview Assets.xcassets */,
			);
			path = "Preview Content";
			sourceTree = "<group>";
		};
		95CD34592B0095AC00DB1578 /* Unsplash AppTests */ = {
			isa = PBXGroup;
			children = (
				95CD345A2B0095AC00DB1578 /* Unsplash_AppTests.swift */,
			);
			path = "Unsplash AppTests";
			sourceTree = "<group>";
		};
		95CD34632B0095AD00DB1578 /* Unsplash AppUITests */ = {
			isa = PBXGroup;
			children = (
				95CD34642B0095AD00DB1578 /* Unsplash_AppUITests.swift */,
				95CD34662B0095AD00DB1578 /* Unsplash_AppUITestsLaunchTests.swift */,
			);
			path = "Unsplash AppUITests";
			sourceTree = "<group>";
		};
		95CD34732B0095C900DB1578 /* Views */ = {
			isa = PBXGroup;
			children = (
				95CD34752B00960700DB1578 /* GetStarted.swift */,
				95CD347B2B00A54300DB1578 /* Search.swift */,
			);
			path = Views;
			sourceTree = "<group>";
		};
		95CD34742B0095D400DB1578 /* Components */ = {
			isa = PBXGroup;
			children = (
				95CD34792B0098CD00DB1578 /* ButtonPrimary.swift */,
				95CD347D2B00AAA400DB1578 /* InputBoxWithButton.swift */,
				95C325D42B0134E20096B97B /* ImageCard.swift */,
			);
			path = Components;
			sourceTree = "<group>";
		};
/* End PBXGroup section */

/* Begin PBXNativeTarget section */
		95CD34452B0095A900DB1578 /* Unsplash App */ = {
			isa = PBXNativeTarget;
			buildConfigurationList = 95CD346A2B0095AD00DB1578 /* Build configuration list for PBXNativeTarget "Unsplash App" */;
			buildPhases = (
				95CD34422B0095A900DB1578 /* Sources */,
				95CD34432B0095A900DB1578 /* Frameworks */,
				95CD34442B0095A900DB1578 /* Resources */,
			);
			buildRules = (
			);
			dependencies = (
			);
			name = "Unsplash App";
			productName = "Unsplash App";
			productReference = 95CD34462B0095A900DB1578 /* Unsplash App.app */;
			productType = "com.apple.product-type.application";
		};
		95CD34552B0095AC00DB1578 /* Unsplash AppTests */ = {
			isa = PBXNativeTarget;
			buildConfigurationList = 95CD346D2B0095AD00DB1578 /* Build configuration list for PBXNativeTarget "Unsplash AppTests" */;
			buildPhases = (
				95CD34522B0095AC00DB1578 /* Sources */,
				95CD34532B0095AC00DB1578 /* Frameworks */,
				95CD34542B0095AC00DB1578 /* Resources */,
			);
			buildRules = (
			);
			dependencies = (
				95CD34582B0095AC00DB1578 /* PBXTargetDependency */,
			);
			name = "Unsplash AppTests";
			productName = "Unsplash AppTests";
			productReference = 95CD34562B0095AC00DB1578 /* Unsplash AppTests.xctest */;
			productType = "com.apple.product-type.bundle.unit-test";
		};
		95CD345F2B0095AD00DB1578 /* Unsplash AppUITests */ = {
			isa = PBXNativeTarget;
			buildConfigurationList = 95CD34702B0095AD00DB1578 /* Build configuration list for PBXNativeTarget "Unsplash AppUITests" */;
			buildPhases = (
				95CD345C2B0095AD00DB1578 /* Sources */,
				95CD345D2B0095AD00DB1578 /* Frameworks */,
				95CD345E2B0095AD00DB1578 /* Resources */,
			);
			buildRules = (
			);
			dependencies = (
				95CD34622B0095AD00DB1578 /* PBXTargetDependency */,
			);
			name = "Unsplash AppUITests";
			productName = "Unsplash AppUITests";
			productReference = 95CD34602B0095AD00DB1578 /* Unsplash AppUITests.xctest */;
			productType = "com.apple.product-type.bundle.ui-testing";
		};
/* End PBXNativeTarget section */

/* Begin PBXProject section */
		95CD343E2B0095A900DB1578 /* Project object */ = {
			isa = PBXProject;
			attributes = {
				BuildIndependentTargetsInParallel = 1;
				LastSwiftUpdateCheck = 1500;
				LastUpgradeCheck = 1500;
				TargetAttributes = {
					95CD34452B0095A900DB1578 = {
						CreatedOnToolsVersion = 15.0.1;
					};
					95CD34552B0095AC00DB1578 = {
						CreatedOnToolsVersion = 15.0.1;
						TestTargetID = 95CD34452B0095A900DB1578;
					};
					95CD345F2B0095AD00DB1578 = {
						CreatedOnToolsVersion = 15.0.1;
						TestTargetID = 95CD34452B0095A900DB1578;
					};
				};
			};
			buildConfigurationList = 95CD34412B0095A900DB1578 /* Build configuration list for PBXProject "Unsplash App" */;
			compatibilityVersion = "Xcode 14.0";
			developmentRegion = en;
			hasScannedForEncodings = 0;
			knownRegions = (
				en,
				Base,
			);
			mainGroup = 95CD343D2B0095A900DB1578;
			productRefGroup = 95CD34472B0095A900DB1578 /* Products */;
			projectDirPath = "";
			projectRoot = "";
			targets = (
				95CD34452B0095A900DB1578 /* Unsplash App */,
				95CD34552B0095AC00DB1578 /* Unsplash AppTests */,
				95CD345F2B0095AD00DB1578 /* Unsplash AppUITests */,
			);
		};
/* End PBXProject section */

/* Begin PBXResourcesBuildPhase section */
		95CD34442B0095A900DB1578 /* Resources */ = {
			isa = PBXResourcesBuildPhase;
			buildActionMask = 2147483647;
			files = (
				95CD34512B0095AC00DB1578 /* Preview Assets.xcassets in Resources */,
				95CD344E2B0095AC00DB1578 /* Assets.xcassets in Resources */,
			);
			runOnlyForDeploymentPostprocessing = 0;
		};
		95CD34542B0095AC00DB1578 /* Resources */ = {
			isa = PBXResourcesBuildPhase;
			buildActionMask = 2147483647;
			files = (
			);
			runOnlyForDeploymentPostprocessing = 0;
		};
		95CD345E2B0095AD00DB1578 /* Resources */ = {
			isa = PBXResourcesBuildPhase;
			buildActionMask = 2147483647;
			files = (
			);
			runOnlyForDeploymentPostprocessing = 0;
		};
/* End PBXResourcesBuildPhase section */

/* Begin PBXSourcesBuildPhase section */
		95CD34422B0095A900DB1578 /* Sources */ = {
			isa = PBXSourcesBuildPhase;
			buildActionMask = 2147483647;
			files = (
				95CD347A2B0098CD00DB1578 /* ButtonPrimary.swift in Sources */,
				9578F9F92B00E64700AED115 /* UnsplashController.swift in Sources */,
				95CD347C2B00A54300DB1578 /* Search.swift in Sources */,
				95CD347E2B00AAA400DB1578 /* InputBoxWithButton.swift in Sources */,
				95CD34762B00960700DB1578 /* GetStarted.swift in Sources */,
				95CD344A2B0095A900DB1578 /* Unsplash_AppApp.swift in Sources */,
				95C325D52B0134E20096B97B /* ImageCard.swift in Sources */,
			);
			runOnlyForDeploymentPostprocessing = 0;
		};
		95CD34522B0095AC00DB1578 /* Sources */ = {
			isa = PBXSourcesBuildPhase;
			buildActionMask = 2147483647;
			files = (
				95CD345B2B0095AC00DB1578 /* Unsplash_AppTests.swift in Sources */,
			);
			runOnlyForDeploymentPostprocessing = 0;
		};
		95CD345C2B0095AD00DB1578 /* Sources */ = {
			isa = PBXSourcesBuildPhase;
			buildActionMask = 2147483647;
			files = (
				95CD34672B0095AD00DB1578 /* Unsplash_AppUITestsLaunchTests.swift in Sources */,
				95CD34652B0095AD00DB1578 /* Unsplash_AppUITests.swift in Sources */,
			);
			runOnlyForDeploymentPostprocessing = 0;
		};
/* End PBXSourcesBuildPhase section */

/* Begin PBXTargetDependency section */
		95CD34582B0095AC00DB1578 /* PBXTargetDependency */ = {
			isa = PBXTargetDependency;
			target = 95CD34452B0095A900DB1578 /* Unsplash App */;
			targetProxy = 95CD34572B0095AC00DB1578 /* PBXContainerItemProxy */;
		};
		95CD34622B0095AD00DB1578 /* PBXTargetDependency */ = {
			isa = PBXTargetDependency;
			target = 95CD34452B0095A900DB1578 /* Unsplash App */;
			targetProxy = 95CD34612B0095AD00DB1578 /* PBXContainerItemProxy */;
		};
/* End PBXTargetDependency section */

/* Begin XCBuildConfiguration section */
		95CD34682B0095AD00DB1578 /* Debug */ = {
			isa = XCBuildConfiguration;
			buildSettings = {
				ALWAYS_SEARCH_USER_PATHS = NO;
				ASSETCATALOG_COMPILER_GENERATE_SWIFT_ASSET_SYMBOL_EXTENSIONS = YES;
				CLANG_ANALYZER_NONNULL = YES;
				CLANG_ANALYZER_NUMBER_OBJECT_CONVERSION = YES_AGGRESSIVE;
				CLANG_CXX_LANGUAGE_STANDARD = "gnu++20";
				CLANG_ENABLE_MODULES = YES;
				CLANG_ENABLE_OBJC_ARC = YES;
				CLANG_ENABLE_OBJC_WEAK = YES;
				CLANG_WARN_BLOCK_CAPTURE_AUTORELEASING = YES;
				CLANG_WARN_BOOL_CONVERSION = YES;
				CLANG_WARN_COMMA = YES;
				CLANG_WARN_CONSTANT_CONVERSION = YES;
				CLANG_WARN_DEPRECATED_OBJC_IMPLEMENTATIONS = YES;
				CLANG_WARN_DIRECT_OBJC_ISA_USAGE = YES_ERROR;
				CLANG_WARN_DOCUMENTATION_COMMENTS = YES;
				CLANG_WARN_EMPTY_BODY = YES;
				CLANG_WARN_ENUM_CONVERSION = YES;
				CLANG_WARN_INFINITE_RECURSION = YES;
				CLANG_WARN_INT_CONVERSION = YES;
				CLANG_WARN_NON_LITERAL_NULL_CONVERSION = YES;
				CLANG_WARN_OBJC_IMPLICIT_RETAIN_SELF = YES;
				CLANG_WARN_OBJC_LITERAL_CONVERSION = YES;
				CLANG_WARN_OBJC_ROOT_CLASS = YES_ERROR;
				CLANG_WARN_QUOTED_INCLUDE_IN_FRAMEWORK_HEADER = YES;
				CLANG_WARN_RANGE_LOOP_ANALYSIS = YES;
				CLANG_WARN_STRICT_PROTOTYPES = YES;
				CLANG_WARN_SUSPICIOUS_MOVE = YES;
				CLANG_WARN_UNGUARDED_AVAILABILITY = YES_AGGRESSIVE;
				CLANG_WARN_UNREACHABLE_CODE = YES;
				CLANG_WARN__DUPLICATE_METHOD_MATCH = YES;
				COPY_PHASE_STRIP = NO;
				DEBUG_INFORMATION_FORMAT = dwarf;
				ENABLE_STRICT_OBJC_MSGSEND = YES;
				ENABLE_TESTABILITY = YES;
				ENABLE_USER_SCRIPT_SANDBOXING = YES;
				GCC_C_LANGUAGE_STANDARD = gnu17;
				GCC_DYNAMIC_NO_PIC = NO;
				GCC_NO_COMMON_BLOCKS = YES;
				GCC_OPTIMIZATION_LEVEL = 0;
				GCC_PREPROCESSOR_DEFINITIONS = (
					"DEBUG=1",
					"$(inherited)",
				);
				GCC_WARN_64_TO_32_BIT_CONVERSION = YES;
				GCC_WARN_ABOUT_RETURN_TYPE = YES_ERROR;
				GCC_WARN_UNDECLARED_SELECTOR = YES;
				GCC_WARN_UNINITIALIZED_AUTOS = YES_AGGRESSIVE;
				GCC_WARN_UNUSED_FUNCTION = YES;
				GCC_WARN_UNUSED_VARIABLE = YES;
				IPHONEOS_DEPLOYMENT_TARGET = 17.0;
				LOCALIZATION_PREFERS_STRING_CATALOGS = YES;
				MTL_ENABLE_DEBUG_INFO = INCLUDE_SOURCE;
				MTL_FAST_MATH = YES;
				ONLY_ACTIVE_ARCH = YES;
				SDKROOT = iphoneos;
				SWIFT_ACTIVE_COMPILATION_CONDITIONS = "DEBUG $(inherited)";
				SWIFT_OPTIMIZATION_LEVEL = "-Onone";
			};
			name = Debug;
		};
		95CD34692B0095AD00DB1578 /* Release */ = {
			isa = XCBuildConfiguration;
			buildSettings = {
				ALWAYS_SEARCH_USER_PATHS = NO;
				ASSETCATALOG_COMPILER_GENERATE_SWIFT_ASSET_SYMBOL_EXTENSIONS = YES;
				CLANG_ANALYZER_NONNULL = YES;
				CLANG_ANALYZER_NUMBER_OBJECT_CONVERSION = YES_AGGRESSIVE;
				CLANG_CXX_LANGUAGE_STANDARD = "gnu++20";
				CLANG_ENABLE_MODULES = YES;
				CLANG_ENABLE_OBJC_ARC = YES;
				CLANG_ENABLE_OBJC_WEAK = YES;
				CLANG_WARN_BLOCK_CAPTURE_AUTORELEASING = YES;
				CLANG_WARN_BOOL_CONVERSION = YES;
				CLANG_WARN_COMMA = YES;
				CLANG_WARN_CONSTANT_CONVERSION = YES;
				CLANG_WARN_DEPRECATED_OBJC_IMPLEMENTATIONS = YES;
				CLANG_WARN_DIRECT_OBJC_ISA_USAGE = YES_ERROR;
				CLANG_WARN_DOCUMENTATION_COMMENTS = YES;
				CLANG_WARN_EMPTY_BODY = YES;
				CLANG_WARN_ENUM_CONVERSION = YES;
				CLANG_WARN_INFINITE_RECURSION = YES;
				CLANG_WARN_INT_CONVERSION = YES;
				CLANG_WARN_NON_LITERAL_NULL_CONVERSION = YES;
				CLANG_WARN_OBJC_IMPLICIT_RETAIN_SELF = YES;
				CLANG_WARN_OBJC_LITERAL_CONVERSION = YES;
				CLANG_WARN_OBJC_ROOT_CLASS = YES_ERROR;
				CLANG_WARN_QUOTED_INCLUDE_IN_FRAMEWORK_HEADER = YES;
				CLANG_WARN_RANGE_LOOP_ANALYSIS = YES;
				CLANG_WARN_STRICT_PROTOTYPES = YES;
				CLANG_WARN_SUSPICIOUS_MOVE = YES;
				CLANG_WARN_UNGUARDED_AVAILABILITY = YES_AGGRESSIVE;
				CLANG_WARN_UNREACHABLE_CODE = YES;
				CLANG_WARN__DUPLICATE_METHOD_MATCH = YES;
				COPY_PHASE_STRIP = NO;
				DEBUG_INFORMATION_FORMAT = "dwarf-with-dsym";
				ENABLE_NS_ASSERTIONS = NO;
				ENABLE_STRICT_OBJC_MSGSEND = YES;
				ENABLE_USER_SCRIPT_SANDBOXING = YES;
				GCC_C_LANGUAGE_STANDARD = gnu17;
				GCC_NO_COMMON_BLOCKS = YES;
				GCC_WARN_64_TO_32_BIT_CONVERSION = YES;
				GCC_WARN_ABOUT_RETURN_TYPE = YES_ERROR;
				GCC_WARN_UNDECLARED_SELECTOR = YES;
				GCC_WARN_UNINITIALIZED_AUTOS = YES_AGGRESSIVE;
				GCC_WARN_UNUSED_FUNCTION = YES;
				GCC_WARN_UNUSED_VARIABLE = YES;
				IPHONEOS_DEPLOYMENT_TARGET = 17.0;
				LOCALIZATION_PREFERS_STRING_CATALOGS = YES;
				MTL_ENABLE_DEBUG_INFO = NO;
				MTL_FAST_MATH = YES;
				SDKROOT = iphoneos;
				SWIFT_COMPILATION_MODE = wholemodule;
				VALIDATE_PRODUCT = YES;
			};
			name = Release;
		};
		95CD346B2B0095AD00DB1578 /* Debug */ = {
			isa = XCBuildConfiguration;
			buildSettings = {
				ASSETCATALOG_COMPILER_APPICON_NAME = AppIcon;
				ASSETCATALOG_COMPILER_GLOBAL_ACCENT_COLOR_NAME = AccentColor;
				CODE_SIGN_STYLE = Automatic;
				CURRENT_PROJECT_VERSION = 1;
				DEVELOPMENT_ASSET_PATHS = "\"Unsplash App/Preview Content\"";
				DEVELOPMENT_TEAM = LT7PGD92QU;
				ENABLE_PREVIEWS = YES;
				GENERATE_INFOPLIST_FILE = YES;
				INFOPLIST_KEY_UIApplicationSceneManifest_Generation = YES;
				INFOPLIST_KEY_UIApplicationSupportsIndirectInputEvents = YES;
				INFOPLIST_KEY_UILaunchScreen_Generation = YES;
				INFOPLIST_KEY_UISupportedInterfaceOrientations_iPad = "UIInterfaceOrientationPortrait UIInterfaceOrientationPortraitUpsideDown UIInterfaceOrientationLandscapeLeft UIInterfaceOrientationLandscapeRight";
				INFOPLIST_KEY_UISupportedInterfaceOrientations_iPhone = "UIInterfaceOrientationPortrait UIInterfaceOrientationLandscapeLeft UIInterfaceOrientationLandscapeRight";
				LD_RUNPATH_SEARCH_PATHS = (
					"$(inherited)",
					"@executable_path/Frameworks",
				);
				MARKETING_VERSION = 1.0;
				PRODUCT_BUNDLE_IDENTIFIER = "Labhansh.Unsplash-App";
				PRODUCT_NAME = "$(TARGET_NAME)";
				SWIFT_EMIT_LOC_STRINGS = YES;
				SWIFT_VERSION = 5.0;
				TARGETED_DEVICE_FAMILY = "1,2";
			};
			name = Debug;
		};
		95CD346C2B0095AD00DB1578 /* Release */ = {
			isa = XCBuildConfiguration;
			buildSettings = {
				ASSETCATALOG_COMPILER_APPICON_NAME = AppIcon;
				ASSETCATALOG_COMPILER_GLOBAL_ACCENT_COLOR_NAME = AccentColor;
				CODE_SIGN_STYLE = Automatic;
				CURRENT_PROJECT_VERSION = 1;
				DEVELOPMENT_ASSET_PATHS = "\"Unsplash App/Preview Content\"";
				DEVELOPMENT_TEAM = LT7PGD92QU;
				ENABLE_PREVIEWS = YES;
				GENERATE_INFOPLIST_FILE = YES;
				INFOPLIST_KEY_UIApplicationSceneManifest_Generation = YES;
				INFOPLIST_KEY_UIApplicationSupportsIndirectInputEvents = YES;
				INFOPLIST_KEY_UILaunchScreen_Generation = YES;
				INFOPLIST_KEY_UISupportedInterfaceOrientations_iPad = "UIInterfaceOrientationPortrait UIInterfaceOrientationPortraitUpsideDown UIInterfaceOrientationLandscapeLeft UIInterfaceOrientationLandscapeRight";
				INFOPLIST_KEY_UISupportedInterfaceOrientations_iPhone = "UIInterfaceOrientationPortrait UIInterfaceOrientationLandscapeLeft UIInterfaceOrientationLandscapeRight";
				LD_RUNPATH_SEARCH_PATHS = (
					"$(inherited)",
					"@executable_path/Frameworks",
				);
				MARKETING_VERSION = 1.0;
				PRODUCT_BUNDLE_IDENTIFIER = "Labhansh.Unsplash-App";
				PRODUCT_NAME = "$(TARGET_NAME)";
				SWIFT_EMIT_LOC_STRINGS = YES;
				SWIFT_VERSION = 5.0;
				TARGETED_DEVICE_FAMILY = "1,2";
			};
			name = Release;
		};
		95CD346E2B0095AD00DB1578 /* Debug */ = {
			isa = XCBuildConfiguration;
			buildSettings = {
				ALWAYS_EMBED_SWIFT_STANDARD_LIBRARIES = YES;
				BUNDLE_LOADER = "$(TEST_HOST)";
				CODE_SIGN_STYLE = Automatic;
				CURRENT_PROJECT_VERSION = 1;
				DEVELOPMENT_TEAM = LT7PGD92QU;
				GENERATE_INFOPLIST_FILE = YES;
				IPHONEOS_DEPLOYMENT_TARGET = 17.0;
				MARKETING_VERSION = 1.0;
				PRODUCT_BUNDLE_IDENTIFIER = "Labhansh.Unsplash-AppTests";
				PRODUCT_NAME = "$(TARGET_NAME)";
				SWIFT_EMIT_LOC_STRINGS = NO;
				SWIFT_VERSION = 5.0;
				TARGETED_DEVICE_FAMILY = "1,2";
				TEST_HOST = "$(BUILT_PRODUCTS_DIR)/Unsplash App.app/$(BUNDLE_EXECUTABLE_FOLDER_PATH)/Unsplash App";
			};
			name = Debug;
		};
		95CD346F2B0095AD00DB1578 /* Release */ = {
			isa = XCBuildConfiguration;
			buildSettings = {
				ALWAYS_EMBED_SWIFT_STANDARD_LIBRARIES = YES;
				BUNDLE_LOADER = "$(TEST_HOST)";
				CODE_SIGN_STYLE = Automatic;
				CURRENT_PROJECT_VERSION = 1;
				DEVELOPMENT_TEAM = LT7PGD92QU;
				GENERATE_INFOPLIST_FILE = YES;
				IPHONEOS_DEPLOYMENT_TARGET = 17.0;
				MARKETING_VERSION = 1.0;
				PRODUCT_BUNDLE_IDENTIFIER = "Labhansh.Unsplash-AppTests";
				PRODUCT_NAME = "$(TARGET_NAME)";
				SWIFT_EMIT_LOC_STRINGS = NO;
				SWIFT_VERSION = 5.0;
				TARGETED_DEVICE_FAMILY = "1,2";
				TEST_HOST = "$(BUILT_PRODUCTS_DIR)/Unsplash App.app/$(BUNDLE_EXECUTABLE_FOLDER_PATH)/Unsplash App";
			};
			name = Release;
		};
		95CD34712B0095AD00DB1578 /* Debug */ = {
			isa = XCBuildConfiguration;
			buildSettings = {
				ALWAYS_EMBED_SWIFT_STANDARD_LIBRARIES = YES;
				CODE_SIGN_STYLE = Automatic;
				CURRENT_PROJECT_VERSION = 1;
				DEVELOPMENT_TEAM = LT7PGD92QU;
				GENERATE_INFOPLIST_FILE = YES;
				MARKETING_VERSION = 1.0;
				PRODUCT_BUNDLE_IDENTIFIER = "Labhansh.Unsplash-AppUITests";
				PRODUCT_NAME = "$(TARGET_NAME)";
				SWIFT_EMIT_LOC_STRINGS = NO;
				SWIFT_VERSION = 5.0;
				TARGETED_DEVICE_FAMILY = "1,2";
				TEST_TARGET_NAME = "Unsplash App";
			};
			name = Debug;
		};
		95CD34722B0095AD00DB1578 /* Release */ = {
			isa = XCBuildConfiguration;
			buildSettings = {
				ALWAYS_EMBED_SWIFT_STANDARD_LIBRARIES = YES;
				CODE_SIGN_STYLE = Automatic;
				CURRENT_PROJECT_VERSION = 1;
				DEVELOPMENT_TEAM = LT7PGD92QU;
				GENERATE_INFOPLIST_FILE = YES;
				MARKETING_VERSION = 1.0;
				PRODUCT_BUNDLE_IDENTIFIER = "Labhansh.Unsplash-AppUITests";
				PRODUCT_NAME = "$(TARGET_NAME)";
				SWIFT_EMIT_LOC_STRINGS = NO;
				SWIFT_VERSION = 5.0;
				TARGETED_DEVICE_FAMILY = "1,2";
				TEST_TARGET_NAME = "Unsplash App";
			};
			name = Release;
		};
/* End XCBuildConfiguration section */

/* Begin XCConfigurationList section */
		95CD34412B0095A900DB1578 /* Build configuration list for PBXProject "Unsplash App" */ = {
			isa = XCConfigurationList;
			buildConfigurations = (
				95CD34682B0095AD00DB1578 /* Debug */,
				95CD34692B0095AD00DB1578 /* Release */,
			);
			defaultConfigurationIsVisible = 0;
			defaultConfigurationName = Release;
		};
		95CD346A2B0095AD00DB1578 /* Build configuration list for PBXNativeTarget "Unsplash App" */ = {
			isa = XCConfigurationList;
			buildConfigurations = (
				95CD346B2B0095AD00DB1578 /* Debug */,
				95CD346C2B0095AD00DB1578 /* Release */,
			);
			defaultConfigurationIsVisible = 0;
			defaultConfigurationName = Release;
		};
		95CD346D2B0095AD00DB1578 /* Build configuration list for PBXNativeTarget "Unsplash AppTests" */ = {
			isa = XCConfigurationList;
			buildConfigurations = (
				95CD346E2B0095AD00DB1578 /* Debug */,
				95CD346F2B0095AD00DB1578 /* Release */,
			);
			defaultConfigurationIsVisible = 0;
			defaultConfigurationName = Release;
		};
		95CD34702B0095AD00DB1578 /* Build configuration list for PBXNativeTarget "Unsplash AppUITests" */ = {
			isa = XCConfigurationList;
			buildConfigurations = (
				95CD34712B0095AD00DB1578 /* Debug */,
				95CD34722B0095AD00DB1578 /* Release */,
			);
			defaultConfigurationIsVisible = 0;
			defaultConfigurationName = Release;
		};
/* End XCConfigurationList section */
	};
	rootObject = 95CD343E2B0095A900DB1578 /* Project object */;
}
